
Microsoft Visual Studio Solution File, Format Version 12.00
# Visual Studio 2013
VisualStudioVersion = 12.0.21005.1
MinimumVisualStudioVersion = 10.0.40219.1
Project("{FAE04EC0-301F-11D3-BF4B-00C04F79EFBC}") = "LTM.Domain", "LTM.Dominio\LTM.Domain.csproj", "{6A946C9B-40CE-4177-BCDF-03F0C51DE563}"
EndProject
Project("{2150E333-8FDC-42A3-9474-1A3956D46DE8}") = "1.Core", "1.Core", "{EF634B63-C4B0-4133-B8F1-BAC70F36E039}"
EndProject
Project("{FAE04EC0-301F-11D3-BF4B-00C04F79EFBC}") = "LTM.Core.Domain", "LTM.Core.Dominio\LTM.Core.Domain.csproj", "{312FFFF8-5A19-484A-9F52-18A3B6FD9543}"
EndProject
Project("{FAE04EC0-301F-11D3-BF4B-00C04F79EFBC}") = "LTM.Core.Infra", "LTM.Core.Infra\LTM.Core.Infra.csproj", "{4D2686D2-3C5B-4CDB-9E6C-AAE6B99B6AEF}"
EndProject
Project("{2150E333-8FDC-42A3-9474-1A3956D46DE8}") = "2.Domain", "2.Domain", "{D6F4EF2A-69DC-4D3C-8F90-19EBA9AE0BB8}"
EndProject
Project("{2150E333-8FDC-42A3-9474-1A3956D46DE8}") = "3.Infra", "3.Infra", "{1DFC1BF4-D829-4B65-852E-83912A1A1128}"
EndProject
Project("{FAE04EC0-301F-11D3-BF4B-00C04F79EFBC}") = "LTM.Infra", "LTM.Infra\LTM.Infra.csproj", "{5DE07C06-AC89-4481-8DC0-A06920DFF46B}"
EndProject
Project("{2150E333-8FDC-42A3-9474-1A3956D46DE8}") = "4.Aplicacao", "4.Aplicacao", "{DEEBB96A-1A7B-4C9F-BD45-2BF04529B2C3}"
EndProject
Project("{FAE04EC0-301F-11D3-BF4B-00C04F79EFBC}") = "LTM.Application", "LTM.Aplicacao\LTM.Application.csproj", "{BF9B4983-DAC7-4760-816F-F6ECF344603A}"
EndProject
Project("{2150E333-8FDC-42A3-9474-1A3956D46DE8}") = "0.Migration", "0.Migration", "{81E2AB0F-46CF-466C-99C2-4B5A5A274054}"
EndProject
Project("{FAE04EC0-301F-11D3-BF4B-00C04F79EFBC}") = "LTM.Migrations", "LTM.Migrations\LTM.Migrations.csproj", "{20C325CB-7B72-44A0-BF2F-B6662C136989}"
EndProject
Project("{FAE04EC0-301F-11D3-BF4B-00C04F79EFBC}") = "LTM.Migrations.Runner", "LTM.Migrations.Runner\LTM.Migrations.Runner.csproj", "{B9D7D3C9-E037-412F-8A4E-EC3A46BD3994}"
EndProject
Project("{2150E333-8FDC-42A3-9474-1A3956D46DE8}") = "5.WebApi", "5.WebApi", "{D703238E-4681-426C-B4B6-A0049C97E4AE}"
EndProject
Project("{FAE04EC0-301F-11D3-BF4B-00C04F79EFBC}") = "LTM.WebApi", "LTM.WebApi\LTM.WebApi.csproj", "{7303EA24-C88A-439F-ADA3-4E290F7F8001}"
EndProject
Global
	GlobalSection(SolutionConfigurationPlatforms) = preSolution
		Debug|Any CPU = Debug|Any CPU
		Release|Any CPU = Release|Any CPU
	EndGlobalSection
	GlobalSection(ProjectConfigurationPlatforms) = postSolution
		{6A946C9B-40CE-4177-BCDF-03F0C51DE563}.Debug|Any CPU.ActiveCfg = Debug|Any CPU
		{6A946C9B-40CE-4177-BCDF-03F0C51DE563}.Debug|Any CPU.Build.0 = Debug|Any CPU
		{6A946C9B-40CE-4177-BCDF-03F0C51DE563}.Release|Any CPU.ActiveCfg = Release|Any CPU
		{6A946C9B-40CE-4177-BCDF-03F0C51DE563}.Release|Any CPU.Build.0 = Release|Any CPU
		{312FFFF8-5A19-484A-9F52-18A3B6FD9543}.Debug|Any CPU.ActiveCfg = Debug|Any CPU
		{312FFFF8-5A19-484A-9F52-18A3B6FD9543}.Debug|Any CPU.Build.0 = Debug|Any CPU
		{312FFFF8-5A19-484A-9F52-18A3B6FD9543}.Release|Any CPU.ActiveCfg = Release|Any CPU
		{312FFFF8-5A19-484A-9F52-18A3B6FD9543}.Release|Any CPU.Build.0 = Release|Any CPU
		{4D2686D2-3C5B-4CDB-9E6C-AAE6B99B6AEF}.Debug|Any CPU.ActiveCfg = Debug|Any CPU
		{4D2686D2-3C5B-4CDB-9E6C-AAE6B99B6AEF}.Debug|Any CPU.Build.0 = Debug|Any CPU
		{4D2686D2-3C5B-4CDB-9E6C-AAE6B99B6AEF}.Release|Any CPU.ActiveCfg = Release|Any CPU
		{4D2686D2-3C5B-4CDB-9E6C-AAE6B99B6AEF}.Release|Any CPU.Build.0 = Release|Any CPU
		{5DE07C06-AC89-4481-8DC0-A06920DFF46B}.Debug|Any CPU.ActiveCfg = Debug|Any CPU
		{5DE07C06-AC89-4481-8DC0-A06920DFF46B}.Debug|Any CPU.Build.0 = Debug|Any CPU
		{5DE07C06-AC89-4481-8DC0-A06920DFF46B}.Release|Any CPU.ActiveCfg = Release|Any CPU
		{5DE07C06-AC89-4481-8DC0-A06920DFF46B}.Release|Any CPU.Build.0 = Release|Any CPU
		{BF9B4983-DAC7-4760-816F-F6ECF344603A}.Debug|Any CPU.ActiveCfg = Debug|Any CPU
		{BF9B4983-DAC7-4760-816F-F6ECF344603A}.Debug|Any CPU.Build.0 = Debug|Any CPU
		{BF9B4983-DAC7-4760-816F-F6ECF344603A}.Release|Any CPU.ActiveCfg = Release|Any CPU
		{BF9B4983-DAC7-4760-816F-F6ECF344603A}.Release|Any CPU.Build.0 = Release|Any CPU
		{20C325CB-7B72-44A0-BF2F-B6662C136989}.Debug|Any CPU.ActiveCfg = Debug|Any CPU
		{20C325CB-7B72-44A0-BF2F-B6662C136989}.Debug|Any CPU.Build.0 = Debug|Any CPU
		{20C325CB-7B72-44A0-BF2F-B6662C136989}.Release|Any CPU.ActiveCfg = Release|Any CPU
		{20C325CB-7B72-44A0-BF2F-B6662C136989}.Release|Any CPU.Build.0 = Release|Any CPU
		{B9D7D3C9-E037-412F-8A4E-EC3A46BD3994}.Debug|Any CPU.ActiveCfg = Debug|Any CPU
		{B9D7D3C9-E037-412F-8A4E-EC3A46BD3994}.Debug|Any CPU.Build.0 = Debug|Any CPU
		{B9D7D3C9-E037-412F-8A4E-EC3A46BD3994}.Release|Any CPU.ActiveCfg = Release|Any CPU
		{B9D7D3C9-E037-412F-8A4E-EC3A46BD3994}.Release|Any CPU.Build.0 = Release|Any CPU
		{7303EA24-C88A-439F-ADA3-4E290F7F8001}.Debug|Any CPU.ActiveCfg = Debug|Any CPU
		{7303EA24-C88A-439F-ADA3-4E290F7F8001}.Debug|Any CPU.Build.0 = Debug|Any CPU
		{7303EA24-C88A-439F-ADA3-4E290F7F8001}.Release|Any CPU.ActiveCfg = Release|Any CPU
		{7303EA24-C88A-439F-ADA3-4E290F7F8001}.Release|Any CPU.Build.0 = Release|Any CPU
	EndGlobalSection
	GlobalSection(SolutionProperties) = preSolution
		HideSolutionNode = FALSE
	EndGlobalSection
	GlobalSection(NestedProjects) = preSolution
		{312FFFF8-5A19-484A-9F52-18A3B6FD9543} = {EF634B63-C4B0-4133-B8F1-BAC70F36E039}
		{4D2686D2-3C5B-4CDB-9E6C-AAE6B99B6AEF} = {EF634B63-C4B0-4133-B8F1-BAC70F36E039}
		{6A946C9B-40CE-4177-BCDF-03F0C51DE563} = {D6F4EF2A-69DC-4D3C-8F90-19EBA9AE0BB8}
		{5DE07C06-AC89-4481-8DC0-A06920DFF46B} = {1DFC1BF4-D829-4B65-852E-83912A1A1128}
		{BF9B4983-DAC7-4760-816F-F6ECF344603A} = {DEEBB96A-1A7B-4C9F-BD45-2BF04529B2C3}
		{20C325CB-7B72-44A0-BF2F-B6662C136989} = {81E2AB0F-46CF-466C-99C2-4B5A5A274054}
		{B9D7D3C9-E037-412F-8A4E-EC3A46BD3994} = {81E2AB0F-46CF-466C-99C2-4B5A5A274054}
		{7303EA24-C88A-439F-ADA3-4E290F7F8001} = {D703238E-4681-426C-B4B6-A0049C97E4AE}
	EndGlobalSection
EndGlobal
